{
  "name": "cs-epicurus-node",
  "version": "0.3.0",
  "lockfileVersion": 2,
  "requires": true,
  "packages": {
    "": {
      "name": "cs-epicurus-node",
      "version": "0.3.0",
      "license": "ISC",
      "dependencies": {
        "@types/bluebird": "3.5.20",
        "@types/node": "8.0.20",
        "@types/redis": "2.8.6",
        "@types/uuid": "3.4.3",
        "bluebird": "3.5.0",
        "redis": "2.7.1",
        "uuid": "3.2.1"
      },
      "devDependencies": {
        "@types/chai": "4.0.3",
        "@types/mocha": "2.2.41",
        "chai": "4.0.1",
        "mocha": "3.5.0",
        "tslint": "5.5.0",
        "typescript": "2.8.1"
      }
    },
    "node_modules/@types/bluebird": {
      "version": "3.5.20",
      "license": "MIT"
    },
    "node_modules/@types/chai": {
      "version": "4.0.3",
      "dev": true,
      "license": "MIT"
    },
    "node_modules/@types/events": {
      "version": "1.2.0",
      "license": "MIT"
    },
    "node_modules/@types/mocha": {
      "version": "2.2.41",
      "dev": true,
      "license": "MIT"
    },
    "node_modules/@types/node": {
      "version": "8.0.20",
      "license": "MIT"
    },
    "node_modules/@types/redis": {
      "version": "2.8.6",
      "license": "MIT",
      "dependencies": {
        "@types/events": "*",
        "@types/node": "*"
      }
    },
    "node_modules/@types/uuid": {
      "version": "3.4.3",
      "license": "MIT",
      "dependencies": {
        "@types/node": "*"
      }
    },
    "node_modules/bluebird": {
      "version": "3.5.0",
      "license": "MIT"
    },
    "node_modules/chai": {
      "version": "4.0.1",
      "dev": true,
      "license": "MIT",
      "dependencies": {
        "assertion-error": "^1.0.1",
        "check-error": "^1.0.1",
        "deep-eql": "^2.0.1",
        "get-func-name": "^2.0.0",
        "pathval": "^1.0.0",
        "type-detect": "^4.0.0"
      },
      "engines": {
        "node": ">=4"
      }
    },
    "node_modules/chai/node_modules/assertion-error": {
      "version": "1.1.0",
      "dev": true,
      "license": "MIT",
      "engines": {
        "node": "*"
      }
    },
    "node_modules/chai/node_modules/check-error": {
      "version": "1.0.2",
      "dev": true,
      "license": "MIT",
      "engines": {
        "node": "*"
      }
    },
    "node_modules/chai/node_modules/deep-eql": {
      "version": "2.0.2",
      "dev": true,
      "license": "MIT",
      "dependencies": {
        "type-detect": "^3.0.0"
      },
      "engines": {
        "node": ">=0.12"
      }
    },
    "node_modules/chai/node_modules/deep-eql/node_modules/type-detect": {
      "version": "3.0.0",
      "dev": true,
      "license": "MIT",
      "engines": {
        "node": "*"
      }
    },
    "node_modules/chai/node_modules/get-func-name": {
      "version": "2.0.0",
      "dev": true,
      "license": "MIT",
      "engines": {
        "node": "*"
      }
    },
    "node_modules/chai/node_modules/pathval": {
      "version": "1.1.0",
      "dev": true,
      "license": "MIT",
      "engines": {
        "node": "*"
      }
    },
    "node_modules/chai/node_modules/type-detect": {
      "version": "4.0.8",
      "dev": true,
      "license": "MIT",
      "engines": {
        "node": ">=4"
      }
    },
    "node_modules/mocha": {
      "version": "3.5.0",
      "dev": true,
      "license": "MIT",
      "dependencies": {
        "browser-stdout": "1.3.0",
        "commander": "2.9.0",
        "debug": "2.6.8",
        "diff": "3.2.0",
        "escape-string-regexp": "1.0.5",
        "glob": "7.1.1",
        "growl": "1.9.2",
        "json3": "3.3.2",
        "lodash.create": "3.1.1",
        "mkdirp": "0.5.1",
        "supports-color": "3.1.2"
      },
      "bin": {
        "_mocha": "bin/_mocha",
        "mocha": "bin/mocha"
      },
      "engines": {
        "node": ">= 0.10.x",
        "npm": ">= 1.4.x"
      }
    },
    "node_modules/mocha/node_modules/balanced-match": {
      "version": "1.0.0",
      "dev": true,
      "license": "MIT"
    },
    "node_modules/mocha/node_modules/brace-expansion": {
      "version": "1.1.11",
      "dev": true,
      "license": "MIT",
      "dependencies": {
        "balanced-match": "^1.0.0",
        "concat-map": "0.0.1"
      }
    },
    "node_modules/mocha/node_modules/browser-stdout": {
      "version": "1.3.0",
      "dev": true,
      "license": "ISC"
    },
    "node_modules/mocha/node_modules/commander": {
      "version": "2.9.0",
      "dev": true,
      "license": "MIT",
      "dependencies": {
        "graceful-readlink": ">= 1.0.0"
      },
      "engines": {
        "node": ">= 0.6.x"
      }
    },
    "node_modules/mocha/node_modules/concat-map": {
      "version": "0.0.1",
      "dev": true,
      "license": "MIT"
    },
    "node_modules/mocha/node_modules/debug": {
      "version": "2.6.8",
      "dev": true,
      "license": "MIT",
      "dependencies": {
        "ms": "2.0.0"
      }
    },
    "node_modules/mocha/node_modules/diff": {
      "version": "3.2.0",
      "dev": true,
      "license": "BSD-3-Clause",
      "engines": {
        "node": ">=0.3.1"
      }
    },
    "node_modules/mocha/node_modules/escape-string-regexp": {
      "version": "1.0.5",
      "dev": true,
      "license": "MIT",
      "engines": {
        "node": ">=0.8.0"
      }
    },
    "node_modules/mocha/node_modules/fs.realpath": {
      "version": "1.0.0",
      "dev": true,
      "license": "ISC"
    },
    "node_modules/mocha/node_modules/glob": {
      "version": "7.1.1",
      "dev": true,
      "license": "ISC",
      "dependencies": {
        "fs.realpath": "^1.0.0",
        "inflight": "^1.0.4",
        "inherits": "2",
        "minimatch": "^3.0.2",
        "once": "^1.3.0",
        "path-is-absolute": "^1.0.0"
      },
      "engines": {
        "node": "*"
      }
    },
    "node_modules/mocha/node_modules/graceful-readlink": {
      "version": "1.0.1",
      "dev": true,
      "license": "MIT"
    },
    "node_modules/mocha/node_modules/growl": {
      "version": "1.9.2",
      "dev": true,
      "license": "MIT"
    },
    "node_modules/mocha/node_modules/has-flag": {
      "version": "1.0.0",
      "dev": true,
      "license": "MIT",
      "engines": {
        "node": ">=0.10.0"
      }
    },
    "node_modules/mocha/node_modules/inflight": {
      "version": "1.0.6",
      "dev": true,
      "license": "ISC",
      "dependencies": {
        "once": "^1.3.0",
        "wrappy": "1"
      }
    },
    "node_modules/mocha/node_modules/inherits": {
      "version": "2.0.3",
      "dev": true,
      "license": "ISC"
    },
    "node_modules/mocha/node_modules/json3": {
      "version": "3.3.2",
      "dev": true
    },
    "node_modules/mocha/node_modules/lodash._baseassign": {
      "version": "3.2.0",
      "dev": true,
      "license": "MIT",
      "dependencies": {
        "lodash._basecopy": "^3.0.0",
        "lodash.keys": "^3.0.0"
      }
    },
    "node_modules/mocha/node_modules/lodash._basecopy": {
      "version": "3.0.1",
      "dev": true,
      "license": "MIT"
    },
    "node_modules/mocha/node_modules/lodash._basecreate": {
      "version": "3.0.3",
      "dev": true,
      "license": "MIT"
    },
    "node_modules/mocha/node_modules/lodash._getnative": {
      "version": "3.9.1",
      "dev": true,
      "license": "MIT"
    },
    "node_modules/mocha/node_modules/lodash._isiterateecall": {
      "version": "3.0.9",
      "dev": true,
      "license": "MIT"
    },
    "node_modules/mocha/node_modules/lodash.create": {
      "version": "3.1.1",
      "dev": true,
      "license": "MIT",
      "dependencies": {
        "lodash._baseassign": "^3.0.0",
        "lodash._basecreate": "^3.0.0",
        "lodash._isiterateecall": "^3.0.0"
      }
    },
    "node_modules/mocha/node_modules/lodash.isarguments": {
      "version": "3.1.0",
      "dev": true,
      "license": "MIT"
    },
    "node_modules/mocha/node_modules/lodash.isarray": {
      "version": "3.0.4",
      "dev": true,
      "license": "MIT"
    },
    "node_modules/mocha/node_modules/lodash.keys": {
      "version": "3.1.2",
      "dev": true,
      "license": "MIT",
      "dependencies": {
        "lodash._getnative": "^3.0.0",
        "lodash.isarguments": "^3.0.0",
        "lodash.isarray": "^3.0.0"
      }
    },
    "node_modules/mocha/node_modules/minimatch": {
      "version": "3.0.4",
      "dev": true,
      "license": "ISC",
      "dependencies": {
        "brace-expansion": "^1.1.7"
      },
      "engines": {
        "node": "*"
      }
    },
    "node_modules/mocha/node_modules/minimist": {
      "version": "0.0.8",
      "dev": true,
      "license": "MIT"
    },
    "node_modules/mocha/node_modules/mkdirp": {
      "version": "0.5.1",
      "dev": true,
      "license": "MIT",
      "dependencies": {
        "minimist": "0.0.8"
      },
      "bin": {
        "mkdirp": "bin/cmd.js"
      }
    },
    "node_modules/mocha/node_modules/ms": {
      "version": "2.0.0",
      "dev": true,
      "license": "MIT"
    },
    "node_modules/mocha/node_modules/once": {
      "version": "1.4.0",
      "dev": true,
      "license": "ISC",
      "dependencies": {
        "wrappy": "1"
      }
    },
    "node_modules/mocha/node_modules/path-is-absolute": {
      "version": "1.0.1",
      "dev": true,
      "license": "MIT",
      "engines": {
        "node": ">=0.10.0"
      }
    },
    "node_modules/mocha/node_modules/supports-color": {
      "version": "3.1.2",
      "dev": true,
      "license": "MIT",
      "dependencies": {
        "has-flag": "^1.0.0"
      },
      "engines": {
        "node": ">=0.8.0"
      }
    },
    "node_modules/mocha/node_modules/wrappy": {
      "version": "1.0.2",
      "dev": true,
      "license": "ISC"
    },
    "node_modules/redis": {
      "version": "2.7.1",
      "license": "MIT",
      "dependencies": {
        "double-ended-queue": "^2.1.0-0",
        "redis-commands": "^1.2.0",
        "redis-parser": "^2.5.0"
      },
      "engines": {
        "node": ">=0.10.0"
      }
    },
    "node_modules/redis/node_modules/double-ended-queue": {
      "version": "2.1.0-0",
      "license": "MIT"
    },
    "node_modules/redis/node_modules/redis-commands": {
      "version": "1.3.5",
      "license": "MIT"
    },
    "node_modules/redis/node_modules/redis-parser": {
      "version": "2.6.0",
      "license": "MIT",
      "engines": {
        "node": ">=0.10.0"
      }
    },
    "node_modules/tslint": {
      "version": "5.5.0",
      "dev": true,
      "license": "Apache-2.0",
      "dependencies": {
        "babel-code-frame": "^6.22.0",
        "colors": "^1.1.2",
        "commander": "^2.9.0",
        "diff": "^3.2.0",
        "glob": "^7.1.1",
        "minimatch": "^3.0.4",
        "resolve": "^1.3.2",
        "semver": "^5.3.0",
        "tslib": "^1.7.1",
        "tsutils": "^2.5.1"
      },
      "bin": {
        "tslint": "bin/tslint"
      },
      "engines": {
        "node": ">=4.1.2"
      },
      "peerDependencies": {
        "typescript": ">=2.1.0 || >=2.1.0-dev || >=2.2.0-dev || >=2.3.0-dev || >=2.4.0-dev || >=2.5.0-dev || >=2.6.0-dev"
      }
    },
    "node_modules/tslint/node_modules/ansi-regex": {
      "version": "2.1.1",
      "dev": true,
      "license": "MIT",
      "engines": {
        "node": ">=0.10.0"
      }
    },
    "node_modules/tslint/node_modules/ansi-styles": {
      "version": "2.2.1",
      "dev": true,
      "license": "MIT",
      "engines": {
        "node": ">=0.10.0"
      }
    },
    "node_modules/tslint/node_modules/babel-code-frame": {
      "version": "6.26.0",
      "dev": true,
      "license": "MIT",
      "dependencies": {
        "chalk": "^1.1.3",
        "esutils": "^2.0.2",
        "js-tokens": "^3.0.2"
      }
    },
    "node_modules/tslint/node_modules/balanced-match": {
      "version": "1.0.0",
      "dev": true,
      "license": "MIT"
    },
    "node_modules/tslint/node_modules/brace-expansion": {
      "version": "1.1.11",
      "dev": true,
      "license": "MIT",
      "dependencies": {
        "balanced-match": "^1.0.0",
        "concat-map": "0.0.1"
      }
    },
    "node_modules/tslint/node_modules/chalk": {
      "version": "1.1.3",
      "dev": true,
      "license": "MIT",
      "dependencies": {
        "ansi-styles": "^2.2.1",
        "escape-string-regexp": "^1.0.2",
        "has-ansi": "^2.0.0",
        "strip-ansi": "^3.0.0",
        "supports-color": "^2.0.0"
      },
      "engines": {
        "node": ">=0.10.0"
      }
    },
    "node_modules/tslint/node_modules/colors": {
      "version": "1.2.1",
      "dev": true,
      "license": "MIT",
      "engines": {
        "node": ">=0.1.90"
      }
    },
    "node_modules/tslint/node_modules/commander": {
      "version": "2.15.1",
      "dev": true,
      "license": "MIT"
    },
    "node_modules/tslint/node_modules/concat-map": {
      "version": "0.0.1",
      "dev": true,
      "license": "MIT"
    },
    "node_modules/tslint/node_modules/diff": {
      "version": "3.5.0",
      "dev": true,
      "license": "BSD-3-Clause",
      "engines": {
        "node": ">=0.3.1"
      }
    },
    "node_modules/tslint/node_modules/escape-string-regexp": {
      "version": "1.0.5",
      "dev": true,
      "license": "MIT",
      "engines": {
        "node": ">=0.8.0"
      }
    },
    "node_modules/tslint/node_modules/esutils": {
      "version": "2.0.2",
      "dev": true,
      "engines": {
        "node": ">=0.10.0"
      }
    },
    "node_modules/tslint/node_modules/fs.realpath": {
      "version": "1.0.0",
      "dev": true,
      "license": "ISC"
    },
    "node_modules/tslint/node_modules/glob": {
      "version": "7.1.2",
      "dev": true,
      "license": "ISC",
      "dependencies": {
        "fs.realpath": "^1.0.0",
        "inflight": "^1.0.4",
        "inherits": "2",
        "minimatch": "^3.0.4",
        "once": "^1.3.0",
        "path-is-absolute": "^1.0.0"
      },
      "engines": {
        "node": "*"
      }
    },
    "node_modules/tslint/node_modules/has-ansi": {
      "version": "2.0.0",
      "dev": true,
      "license": "MIT",
      "dependencies": {
        "ansi-regex": "^2.0.0"
      },
      "engines": {
        "node": ">=0.10.0"
      }
    },
    "node_modules/tslint/node_modules/inflight": {
      "version": "1.0.6",
      "dev": true,
      "license": "ISC",
      "dependencies": {
        "once": "^1.3.0",
        "wrappy": "1"
      }
    },
    "node_modules/tslint/node_modules/inherits": {
      "version": "2.0.3",
      "dev": true,
      "license": "ISC"
    },
    "node_modules/tslint/node_modules/js-tokens": {
      "version": "3.0.2",
      "dev": true,
      "license": "MIT"
    },
    "node_modules/tslint/node_modules/minimatch": {
      "version": "3.0.4",
      "dev": true,
      "license": "ISC",
      "dependencies": {
        "brace-expansion": "^1.1.7"
      },
      "engines": {
        "node": "*"
      }
    },
    "node_modules/tslint/node_modules/once": {
      "version": "1.4.0",
      "dev": true,
      "license": "ISC",
      "dependencies": {
        "wrappy": "1"
      }
    },
    "node_modules/tslint/node_modules/path-is-absolute": {
      "version": "1.0.1",
      "dev": true,
      "license": "MIT",
      "engines": {
        "node": ">=0.10.0"
      }
    },
    "node_modules/tslint/node_modules/path-parse": {
      "version": "1.0.5",
      "dev": true,
      "license": "MIT"
    },
    "node_modules/tslint/node_modules/resolve": {
      "version": "1.7.1",
      "dev": true,
      "license": "MIT",
      "dependencies": {
        "path-parse": "^1.0.5"
      }
    },
    "node_modules/tslint/node_modules/semver": {
      "version": "5.5.0",
      "dev": true,
      "license": "ISC",
      "bin": {
        "semver": "bin/semver"
      }
    },
    "node_modules/tslint/node_modules/strip-ansi": {
      "version": "3.0.1",
      "dev": true,
      "license": "MIT",
      "dependencies": {
        "ansi-regex": "^2.0.0"
      },
      "engines": {
        "node": ">=0.10.0"
      }
    },
    "node_modules/tslint/node_modules/supports-color": {
      "version": "2.0.0",
      "dev": true,
      "license": "MIT",
      "engines": {
        "node": ">=0.8.0"
      }
    },
    "node_modules/tslint/node_modules/tslib": {
      "version": "1.9.0",
      "dev": true,
      "license": "Apache-2.0"
    },
    "node_modules/tslint/node_modules/tsutils": {
      "version": "2.26.1",
      "dev": true,
      "license": "MIT",
      "dependencies": {
        "tslib": "^1.8.1"
      },
      "peerDependencies": {
        "typescript": ">=2.1.0 || >=2.1.0-dev || >=2.2.0-dev || >=2.3.0-dev || >=2.4.0-dev || >=2.5.0-dev || >=2.6.0-dev || >=2.7.0-dev || >=2.8.0-dev || >=2.9.0-dev || >= 2.10.0-dev"
      }
    },
    "node_modules/tslint/node_modules/wrappy": {
      "version": "1.0.2",
      "dev": true,
      "license": "ISC"
    },
    "node_modules/typescript": {
      "version": "2.8.1",
      "dev": true,
      "license": "Apache-2.0",
      "bin": {
        "tsc": "bin/tsc",
        "tsserver": "bin/tsserver"
      },
      "engines": {
        "node": ">=4.2.0"
      }
    },
    "node_modules/uuid": {
      "version": "3.2.1",
      "license": "MIT",
      "bin": {
        "uuid": "bin/uuid"
      }
    }
  },
  "dependencies": {
    "@types/bluebird": {
      "version": "3.5.20"
    },
    "@types/chai": {
      "version": "4.0.3",
      "dev": true
    },
    "@types/events": {
      "version": "1.2.0"
    },
    "@types/mocha": {
      "version": "2.2.41",
      "dev": true
    },
    "@types/node": {
      "version": "8.0.20"
    },
    "@types/redis": {
      "version": "2.8.6",
      "requires": {
        "@types/events": "*",
        "@types/node": "*"
      }
    },
    "@types/uuid": {
      "version": "3.4.3",
      "requires": {
        "@types/node": "*"
      }
    },
    "bluebird": {
      "version": "3.5.0"
    },
    "chai": {
      "version": "4.0.1",
      "dev": true,
      "requires": {
        "assertion-error": "^1.0.1",
        "check-error": "^1.0.1",
        "deep-eql": "^2.0.1",
        "get-func-name": "^2.0.0",
        "pathval": "^1.0.0",
        "type-detect": "^4.0.0"
      },
      "dependencies": {
        "assertion-error": {
          "version": "1.1.0",
          "dev": true
        },
        "check-error": {
          "version": "1.0.2",
          "dev": true
        },
        "deep-eql": {
          "version": "2.0.2",
          "dev": true,
          "requires": {
            "type-detect": "^3.0.0"
          },
          "dependencies": {
            "type-detect": {
              "version": "3.0.0",
              "dev": true
            }
          }
        },
        "get-func-name": {
          "version": "2.0.0",
          "dev": true
        },
        "pathval": {
          "version": "1.1.0",
          "dev": true
        },
        "type-detect": {
          "version": "4.0.8",
          "dev": true
        }
      }
    },
    "mocha": {
      "version": "3.5.0",
      "dev": true,
      "requires": {
        "browser-stdout": "1.3.0",
        "commander": "2.9.0",
        "debug": "2.6.8",
        "diff": "3.2.0",
        "escape-string-regexp": "1.0.5",
        "glob": "7.1.1",
        "growl": "1.9.2",
        "json3": "3.3.2",
        "lodash.create": "3.1.1",
        "mkdirp": "0.5.1",
        "supports-color": "3.1.2"
      },
      "dependencies": {
        "balanced-match": {
          "version": "1.0.0",
          "dev": true
        },
        "brace-expansion": {
          "version": "1.1.11",
          "dev": true,
          "requires": {
            "balanced-match": "^1.0.0",
            "concat-map": "0.0.1"
          }
        },
        "browser-stdout": {
          "version": "1.3.0",
          "dev": true
        },
        "commander": {
          "version": "2.9.0",
          "dev": true,
          "requires": {
            "graceful-readlink": ">= 1.0.0"
          }
        },
        "concat-map": {
          "version": "0.0.1",
          "dev": true
        },
        "debug": {
          "version": "2.6.8",
          "dev": true,
          "requires": {
            "ms": "2.0.0"
          }
        },
        "diff": {
          "version": "3.2.0",
          "dev": true
        },
        "escape-string-regexp": {
          "version": "1.0.5",
          "dev": true
        },
        "fs.realpath": {
          "version": "1.0.0",
          "dev": true
        },
        "glob": {
          "version": "7.1.1",
          "dev": true,
          "requires": {
            "fs.realpath": "^1.0.0",
            "inflight": "^1.0.4",
            "inherits": "2",
            "minimatch": "^3.0.2",
            "once": "^1.3.0",
            "path-is-absolute": "^1.0.0"
          }
        },
        "graceful-readlink": {
          "version": "1.0.1",
          "dev": true
        },
        "growl": {
          "version": "1.9.2",
          "dev": true
        },
        "has-flag": {
          "version": "1.0.0",
          "dev": true
        },
        "inflight": {
          "version": "1.0.6",
          "dev": true,
          "requires": {
            "once": "^1.3.0",
            "wrappy": "1"
          }
        },
        "inherits": {
          "version": "2.0.3",
          "dev": true
        },
        "json3": {
          "version": "3.3.2",
          "dev": true
        },
        "lodash._baseassign": {
          "version": "3.2.0",
          "dev": true,
          "requires": {
            "lodash._basecopy": "^3.0.0",
            "lodash.keys": "^3.0.0"
          }
        },
        "lodash._basecopy": {
          "version": "3.0.1",
          "dev": true
        },
        "lodash._basecreate": {
          "version": "3.0.3",
          "dev": true
        },
        "lodash._getnative": {
          "version": "3.9.1",
          "dev": true
        },
        "lodash._isiterateecall": {
          "version": "3.0.9",
          "dev": true
        },
        "lodash.create": {
          "version": "3.1.1",
          "dev": true,
          "requires": {
            "lodash._baseassign": "^3.0.0",
            "lodash._basecreate": "^3.0.0",
            "lodash._isiterateecall": "^3.0.0"
          }
        },
        "lodash.isarguments": {
          "version": "3.1.0",
          "dev": true
        },
        "lodash.isarray": {
          "version": "3.0.4",
          "dev": true
        },
        "lodash.keys": {
          "version": "3.1.2",
          "dev": true,
          "requires": {
            "lodash._getnative": "^3.0.0",
            "lodash.isarguments": "^3.0.0",
            "lodash.isarray": "^3.0.0"
          }
        },
        "minimatch": {
          "version": "3.0.4",
          "dev": true,
          "requires": {
            "brace-expansion": "^1.1.7"
          }
        },
        "minimist": {
          "version": "0.0.8",
          "dev": true
        },
        "mkdirp": {
          "version": "0.5.1",
          "dev": true,
          "requires": {
            "minimist": "0.0.8"
          }
        },
        "ms": {
          "version": "2.0.0",
          "dev": true
        },
        "once": {
          "version": "1.4.0",
          "dev": true,
          "requires": {
            "wrappy": "1"
          }
        },
        "path-is-absolute": {
          "version": "1.0.1",
          "dev": true
        },
        "supports-color": {
          "version": "3.1.2",
          "dev": true,
          "requires": {
            "has-flag": "^1.0.0"
          }
        },
        "wrappy": {
          "version": "1.0.2",
          "dev": true
        }
      }
    },
    "redis": {
      "version": "2.7.1",
      "requires": {
        "double-ended-queue": "^2.1.0-0",
        "redis-commands": "^1.2.0",
        "redis-parser": "^2.5.0"
      },
      "dependencies": {
        "double-ended-queue": {
          "version": "2.1.0-0"
        },
        "redis-commands": {
          "version": "1.3.5"
        },
        "redis-parser": {
          "version": "2.6.0"
        }
      }
    },
    "tslint": {
      "version": "5.5.0",
      "dev": true,
      "requires": {
        "babel-code-frame": "^6.22.0",
        "colors": "^1.1.2",
        "commander": "^2.9.0",
        "diff": "^3.2.0",
        "glob": "^7.1.1",
        "minimatch": "^3.0.4",
        "resolve": "^1.3.2",
        "semver": "^5.3.0",
        "tslib": "^1.7.1",
        "tsutils": "^2.5.1"
      },
      "dependencies": {
        "ansi-regex": {
          "version": "2.1.1",
          "dev": true
        },
        "ansi-styles": {
          "version": "2.2.1",
          "dev": true
        },
        "babel-code-frame": {
          "version": "6.26.0",
          "dev": true,
          "requires": {
            "chalk": "^1.1.3",
            "esutils": "^2.0.2",
            "js-tokens": "^3.0.2"
          }
        },
        "balanced-match": {
          "version": "1.0.0",
          "dev": true
        },
        "brace-expansion": {
          "version": "1.1.11",
          "dev": true,
          "requires": {
            "balanced-match": "^1.0.0",
            "concat-map": "0.0.1"
          }
        },
        "chalk": {
          "version": "1.1.3",
          "dev": true,
          "requires": {
            "ansi-styles": "^2.2.1",
            "escape-string-regexp": "^1.0.2",
            "has-ansi": "^2.0.0",
            "strip-ansi": "^3.0.0",
            "supports-color": "^2.0.0"
          }
        },
        "colors": {
          "version": "1.2.1",
          "dev": true
        },
        "commander": {
          "version": "2.15.1",
          "dev": true
        },
        "concat-map": {
          "version": "0.0.1",
          "dev": true
        },
        "diff": {
          "version": "3.5.0",
          "dev": true
        },
        "escape-string-regexp": {
          "version": "1.0.5",
          "dev": true
        },
        "esutils": {
          "version": "2.0.2",
          "dev": true
        },
        "fs.realpath": {
          "version": "1.0.0",
          "dev": true
        },
        "glob": {
          "version": "7.1.2",
          "dev": true,
          "requires": {
            "fs.realpath": "^1.0.0",
            "inflight": "^1.0.4",
            "inherits": "2",
            "minimatch": "^3.0.4",
            "once": "^1.3.0",
            "path-is-absolute": "^1.0.0"
          }
        },
        "has-ansi": {
          "version": "2.0.0",
          "dev": true,
          "requires": {
            "ansi-regex": "^2.0.0"
          }
        },
        "inflight": {
          "version": "1.0.6",
          "dev": true,
          "requires": {
            "once": "^1.3.0",
            "wrappy": "1"
          }
        },
        "inherits": {
          "version": "2.0.3",
          "dev": true
        },
        "js-tokens": {
          "version": "3.0.2",
          "dev": true
        },
        "minimatch": {
          "version": "3.0.4",
          "dev": true,
          "requires": {
            "brace-expansion": "^1.1.7"
          }
        },
        "once": {
          "version": "1.4.0",
          "dev": true,
          "requires": {
            "wrappy": "1"
          }
        },
        "path-is-absolute": {
          "version": "1.0.1",
          "dev": true
        },
        "path-parse": {
          "version": "1.0.5",
          "dev": true
        },
        "resolve": {
          "version": "1.7.1",
          "dev": true,
          "requires": {
            "path-parse": "^1.0.5"
          }
        },
        "semver": {
          "version": "5.5.0",
          "dev": true
        },
        "strip-ansi": {
          "version": "3.0.1",
          "dev": true,
          "requires": {
            "ansi-regex": "^2.0.0"
          }
        },
        "supports-color": {
          "version": "2.0.0",
          "dev": true
        },
        "tslib": {
          "version": "1.9.0",
          "dev": true
        },
        "tsutils": {
          "version": "2.26.1",
          "dev": true,
          "requires": {
            "tslib": "^1.8.1"
          }
        },
        "wrappy": {
          "version": "1.0.2",
          "dev": true
        }
      }
    },
    "typescript": {
      "version": "2.8.1",
      "dev": true
    },
    "uuid": {
      "version": "3.2.1"
    }
  }
}
